
Microsoft Visual Studio Solution File, Format Version 12.00
# Visual Studio Version 16
VisualStudioVersion = 16.0.29609.76
MinimumVisualStudioVersion = 10.0.40219.1
Project("{00D1A9C2-B5F0-4AF3-8072-F6C62B433612}") = "ChangeDataCapture.DB", "ChangeDataCapture.DB.sqlproj", "{7C1C1F6C-00C9-4ECA-A401-70BDCC93952D}"
EndProject
Global
	GlobalSection(SolutionConfigurationPlatforms) = preSolution
		Debug|Any CPU = Debug|Any CPU
		Release|Any CPU = Release|Any CPU
	EndGlobalSection
	GlobalSection(ProjectConfigurationPlatforms) = postSolution
		{7C1C1F6C-00C9-4ECA-A401-70BDCC93952D}.Debug|Any CPU.ActiveCfg = Debug|Any CPU
		{7C1C1F6C-00C9-4ECA-A401-70BDCC93952D}.Debug|Any CPU.Build.0 = Debug|Any CPU
		{7C1C1F6C-00C9-4ECA-A401-70BDCC93952D}.Debug|Any CPU.Deploy.0 = Debug|Any CPU
		{7C1C1F6C-00C9-4ECA-A401-70BDCC93952D}.Release|Any CPU.ActiveCfg = Release|Any CPU
		{7C1C1F6C-00C9-4ECA-A401-70BDCC93952D}.Release|Any CPU.Build.0 = Release|Any CPU
		{7C1C1F6C-00C9-4ECA-A401-70BDCC93952D}.Release|Any CPU.Deploy.0 = Release|Any CPU
	EndGlobalSection
	GlobalSection(SolutionProperties) = preSolution
		HideSolutionNode = FALSE
	EndGlobalSection
	GlobalSection(ExtensibilityGlobals) = postSolution
		SolutionGuid = {C051FF38-5021-4DCE-9053-B4BFEB736224}
	EndGlobalSection
EndGlobal
