
Microsoft Visual Studio Solution File, Format Version 12.00
# Visual Studio Version 16
VisualStudioVersion = 16.0.29609.76
MinimumVisualStudioVersion = 10.0.40219.1
Project("{159641D6-6404-4A2A-AE62-294DE0FE8301}") = "ChangeDataCapture.SSIS", "ChangeDataCapture.SSIS.dtproj", "{D3736F1E-2335-41C1-9D0B-D231BF902EC9}"
EndProject
Global
	GlobalSection(SolutionConfigurationPlatforms) = preSolution
		Development|Default = Development|Default
	EndGlobalSection
	GlobalSection(ProjectConfigurationPlatforms) = postSolution
		{D3736F1E-2335-41C1-9D0B-D231BF902EC9}.Development|Default.ActiveCfg = Development
		{D3736F1E-2335-41C1-9D0B-D231BF902EC9}.Development|Default.Build.0 = Development
	EndGlobalSection
	GlobalSection(SolutionProperties) = preSolution
		HideSolutionNode = FALSE
	EndGlobalSection
	GlobalSection(ExtensibilityGlobals) = postSolution
		SolutionGuid = {69714505-1579-4FDA-89F0-7C351CBD6552}
	EndGlobalSection
EndGlobal
